# THIS IS AN AUTOGENERATED FILE. DO NOT EDIT THIS FILE DIRECTLY.
# yarn lockfile v1


"@types/node@latest":
  version "18.11.7"
  resolved "https://registry.yarnpkg.com/@types/node/-/node-18.11.7.tgz#8ccef136f240770c1379d50100796a6952f01f94"
  integrity sha512-LhFTglglr63mNXUSRYD8A+ZAIu5sFqNJ4Y2fPuY7UlrySJH87rRRlhtVmMHplmfk5WkoJGmDjE9oiTfyX94CpQ==

all-files-in-tree@^1.1.2:
  version "1.1.2"
  resolved "https://registry.yarnpkg.com/all-files-in-tree/-/all-files-in-tree-1.1.2.tgz#b0a20c77fc9637484bbba42e07fcb1f9e892cc01"
  integrity sha512-sDXXZPeI3CE2gsfapBfvLvozKT6zO6dvkckPNaSKVLxPMFu2rO/zLlx6irzj7u6E9+P1YAyV2BjiGZM1SO2APA==

typescript@latest:
  version "4.8.4"
  resolved "https://registry.yarnpkg.com/typescript/-/typescript-4.8.4.tgz#c464abca159669597be5f96b8943500b238e60e6"
  integrity sha512-QCh+85mCy+h0IGff8r5XWzOVSbBO+KfeYrMQh7NJ58QujwcE22u+NUSmUxqF+un70P9GXKxa2HCNiTTMJknyjQ==
